
Microsoft Visual Studio Solution File, Format Version 12.00
# Visual Studio 15
VisualStudioVersion = 15.0.28307.572
MinimumVisualStudioVersion = 10.0.40219.1
Project("{FAE04EC0-301F-11D3-BF4B-00C04F79EFBC}") = "DreamLife.MyTrips.Dominio", "DreamLife.MyTrips.Dominio\DreamLife.MyTrips.Dominio.csproj", "{9A8C665E-BC92-4222-92E5-40DF402084AA}"
EndProject
Project("{FAE04EC0-301F-11D3-BF4B-00C04F79EFBC}") = "DreamLife.MyTrips.Persistencia.EF", "DreamLife.MyTrips.Persistencia.EF\DreamLife.MyTrips.Persistencia.EF.csproj", "{3631CE57-7802-46A2-A076-8BD6311E2CAB}"
EndProject
Project("{FAE04EC0-301F-11D3-BF4B-00C04F79EFBC}") = "DreamLife.MyTrips.Repositorio.Comum", "DreamLife.MyTrips.Repositorio.Comum\DreamLife.MyTrips.Repositorio.Comum.csproj", "{AF74AE62-A747-4855-AD42-2580D8F91F4A}"
EndProject
Project("{FAE04EC0-301F-11D3-BF4B-00C04F79EFBC}") = "DreamLife.MyTrips.Respositorio.EF", "DreamLife.MyTrips.Respositorio.EF\DreamLife.MyTrips.Respositorio.EF.csproj", "{8A3398B7-FFAD-44D4-82B6-25E04BA95195}"
EndProject
Project("{FAE04EC0-301F-11D3-BF4B-00C04F79EFBC}") = "DreamLife.MyTrips.API", "DreamLife.MyTrips.API\DreamLife.MyTrips.API.csproj", "{51C6A859-35B8-4A79-8D2F-BC8418EC1AEB}"
EndProject
Project("{FAE04EC0-301F-11D3-BF4B-00C04F79EFBC}") = "DreamLife.MyTrips.Main", "DreamLife.MyTrips.Main\DreamLife.MyTrips.Main.csproj", "{79B3ECC0-941B-48A7-8C9A-8AC233FEDFB2}"
EndProject
Global
	GlobalSection(SolutionConfigurationPlatforms) = preSolution
		Debug|Any CPU = Debug|Any CPU
		Debug|ARM = Debug|ARM
		Debug|ARM64 = Debug|ARM64
		Debug|x64 = Debug|x64
		Debug|x86 = Debug|x86
		Release|Any CPU = Release|Any CPU
		Release|ARM = Release|ARM
		Release|ARM64 = Release|ARM64
		Release|x64 = Release|x64
		Release|x86 = Release|x86
	EndGlobalSection
	GlobalSection(ProjectConfigurationPlatforms) = postSolution
		{9A8C665E-BC92-4222-92E5-40DF402084AA}.Debug|Any CPU.ActiveCfg = Debug|Any CPU
		{9A8C665E-BC92-4222-92E5-40DF402084AA}.Debug|Any CPU.Build.0 = Debug|Any CPU
		{9A8C665E-BC92-4222-92E5-40DF402084AA}.Debug|ARM.ActiveCfg = Debug|Any CPU
		{9A8C665E-BC92-4222-92E5-40DF402084AA}.Debug|ARM.Build.0 = Debug|Any CPU
		{9A8C665E-BC92-4222-92E5-40DF402084AA}.Debug|ARM64.ActiveCfg = Debug|Any CPU
		{9A8C665E-BC92-4222-92E5-40DF402084AA}.Debug|ARM64.Build.0 = Debug|Any CPU
		{9A8C665E-BC92-4222-92E5-40DF402084AA}.Debug|x64.ActiveCfg = Debug|Any CPU
		{9A8C665E-BC92-4222-92E5-40DF402084AA}.Debug|x64.Build.0 = Debug|Any CPU
		{9A8C665E-BC92-4222-92E5-40DF402084AA}.Debug|x86.ActiveCfg = Debug|Any CPU
		{9A8C665E-BC92-4222-92E5-40DF402084AA}.Debug|x86.Build.0 = Debug|Any CPU
		{9A8C665E-BC92-4222-92E5-40DF402084AA}.Release|Any CPU.ActiveCfg = Release|Any CPU
		{9A8C665E-BC92-4222-92E5-40DF402084AA}.Release|Any CPU.Build.0 = Release|Any CPU
		{9A8C665E-BC92-4222-92E5-40DF402084AA}.Release|ARM.ActiveCfg = Release|Any CPU
		{9A8C665E-BC92-4222-92E5-40DF402084AA}.Release|ARM.Build.0 = Release|Any CPU
		{9A8C665E-BC92-4222-92E5-40DF402084AA}.Release|ARM64.ActiveCfg = Release|Any CPU
		{9A8C665E-BC92-4222-92E5-40DF402084AA}.Release|ARM64.Build.0 = Release|Any CPU
		{9A8C665E-BC92-4222-92E5-40DF402084AA}.Release|x64.ActiveCfg = Release|Any CPU
		{9A8C665E-BC92-4222-92E5-40DF402084AA}.Release|x64.Build.0 = Release|Any CPU
		{9A8C665E-BC92-4222-92E5-40DF402084AA}.Release|x86.ActiveCfg = Release|Any CPU
		{9A8C665E-BC92-4222-92E5-40DF402084AA}.Release|x86.Build.0 = Release|Any CPU
		{3631CE57-7802-46A2-A076-8BD6311E2CAB}.Debug|Any CPU.ActiveCfg = Debug|Any CPU
		{3631CE57-7802-46A2-A076-8BD6311E2CAB}.Debug|Any CPU.Build.0 = Debug|Any CPU
		{3631CE57-7802-46A2-A076-8BD6311E2CAB}.Debug|ARM.ActiveCfg = Debug|Any CPU
		{3631CE57-7802-46A2-A076-8BD6311E2CAB}.Debug|ARM.Build.0 = Debug|Any CPU
		{3631CE57-7802-46A2-A076-8BD6311E2CAB}.Debug|ARM64.ActiveCfg = Debug|Any CPU
		{3631CE57-7802-46A2-A076-8BD6311E2CAB}.Debug|ARM64.Build.0 = Debug|Any CPU
		{3631CE57-7802-46A2-A076-8BD6311E2CAB}.Debug|x64.ActiveCfg = Debug|Any CPU
		{3631CE57-7802-46A2-A076-8BD6311E2CAB}.Debug|x64.Build.0 = Debug|Any CPU
		{3631CE57-7802-46A2-A076-8BD6311E2CAB}.Debug|x86.ActiveCfg = Debug|Any CPU
		{3631CE57-7802-46A2-A076-8BD6311E2CAB}.Debug|x86.Build.0 = Debug|Any CPU
		{3631CE57-7802-46A2-A076-8BD6311E2CAB}.Release|Any CPU.ActiveCfg = Release|Any CPU
		{3631CE57-7802-46A2-A076-8BD6311E2CAB}.Release|Any CPU.Build.0 = Release|Any CPU
		{3631CE57-7802-46A2-A076-8BD6311E2CAB}.Release|ARM.ActiveCfg = Release|Any CPU
		{3631CE57-7802-46A2-A076-8BD6311E2CAB}.Release|ARM.Build.0 = Release|Any CPU
		{3631CE57-7802-46A2-A076-8BD6311E2CAB}.Release|ARM64.ActiveCfg = Release|Any CPU
		{3631CE57-7802-46A2-A076-8BD6311E2CAB}.Release|ARM64.Build.0 = Release|Any CPU
		{3631CE57-7802-46A2-A076-8BD6311E2CAB}.Release|x64.ActiveCfg = Release|Any CPU
		{3631CE57-7802-46A2-A076-8BD6311E2CAB}.Release|x64.Build.0 = Release|Any CPU
		{3631CE57-7802-46A2-A076-8BD6311E2CAB}.Release|x86.ActiveCfg = Release|Any CPU
		{3631CE57-7802-46A2-A076-8BD6311E2CAB}.Release|x86.Build.0 = Release|Any CPU
		{AF74AE62-A747-4855-AD42-2580D8F91F4A}.Debug|Any CPU.ActiveCfg = Debug|Any CPU
		{AF74AE62-A747-4855-AD42-2580D8F91F4A}.Debug|Any CPU.Build.0 = Debug|Any CPU
		{AF74AE62-A747-4855-AD42-2580D8F91F4A}.Debug|ARM.ActiveCfg = Debug|Any CPU
		{AF74AE62-A747-4855-AD42-2580D8F91F4A}.Debug|ARM.Build.0 = Debug|Any CPU
		{AF74AE62-A747-4855-AD42-2580D8F91F4A}.Debug|ARM64.ActiveCfg = Debug|Any CPU
		{AF74AE62-A747-4855-AD42-2580D8F91F4A}.Debug|ARM64.Build.0 = Debug|Any CPU
		{AF74AE62-A747-4855-AD42-2580D8F91F4A}.Debug|x64.ActiveCfg = Debug|Any CPU
		{AF74AE62-A747-4855-AD42-2580D8F91F4A}.Debug|x64.Build.0 = Debug|Any CPU
		{AF74AE62-A747-4855-AD42-2580D8F91F4A}.Debug|x86.ActiveCfg = Debug|Any CPU
		{AF74AE62-A747-4855-AD42-2580D8F91F4A}.Debug|x86.Build.0 = Debug|Any CPU
		{AF74AE62-A747-4855-AD42-2580D8F91F4A}.Release|Any CPU.ActiveCfg = Release|Any CPU
		{AF74AE62-A747-4855-AD42-2580D8F91F4A}.Release|Any CPU.Build.0 = Release|Any CPU
		{AF74AE62-A747-4855-AD42-2580D8F91F4A}.Release|ARM.ActiveCfg = Release|Any CPU
		{AF74AE62-A747-4855-AD42-2580D8F91F4A}.Release|ARM.Build.0 = Release|Any CPU
		{AF74AE62-A747-4855-AD42-2580D8F91F4A}.Release|ARM64.ActiveCfg = Release|Any CPU
		{AF74AE62-A747-4855-AD42-2580D8F91F4A}.Release|ARM64.Build.0 = Release|Any CPU
		{AF74AE62-A747-4855-AD42-2580D8F91F4A}.Release|x64.ActiveCfg = Release|Any CPU
		{AF74AE62-A747-4855-AD42-2580D8F91F4A}.Release|x64.Build.0 = Release|Any CPU
		{AF74AE62-A747-4855-AD42-2580D8F91F4A}.Release|x86.ActiveCfg = Release|Any CPU
		{AF74AE62-A747-4855-AD42-2580D8F91F4A}.Release|x86.Build.0 = Release|Any CPU
		{8A3398B7-FFAD-44D4-82B6-25E04BA95195}.Debug|Any CPU.ActiveCfg = Debug|Any CPU
		{8A3398B7-FFAD-44D4-82B6-25E04BA95195}.Debug|Any CPU.Build.0 = Debug|Any CPU
		{8A3398B7-FFAD-44D4-82B6-25E04BA95195}.Debug|ARM.ActiveCfg = Debug|Any CPU
		{8A3398B7-FFAD-44D4-82B6-25E04BA95195}.Debug|ARM.Build.0 = Debug|Any CPU
		{8A3398B7-FFAD-44D4-82B6-25E04BA95195}.Debug|ARM64.ActiveCfg = Debug|Any CPU
		{8A3398B7-FFAD-44D4-82B6-25E04BA95195}.Debug|ARM64.Build.0 = Debug|Any CPU
		{8A3398B7-FFAD-44D4-82B6-25E04BA95195}.Debug|x64.ActiveCfg = Debug|Any CPU
		{8A3398B7-FFAD-44D4-82B6-25E04BA95195}.Debug|x64.Build.0 = Debug|Any CPU
		{8A3398B7-FFAD-44D4-82B6-25E04BA95195}.Debug|x86.ActiveCfg = Debug|Any CPU
		{8A3398B7-FFAD-44D4-82B6-25E04BA95195}.Debug|x86.Build.0 = Debug|Any CPU
		{8A3398B7-FFAD-44D4-82B6-25E04BA95195}.Release|Any CPU.ActiveCfg = Release|Any CPU
		{8A3398B7-FFAD-44D4-82B6-25E04BA95195}.Release|Any CPU.Build.0 = Release|Any CPU
		{8A3398B7-FFAD-44D4-82B6-25E04BA95195}.Release|ARM.ActiveCfg = Release|Any CPU
		{8A3398B7-FFAD-44D4-82B6-25E04BA95195}.Release|ARM.Build.0 = Release|Any CPU
		{8A3398B7-FFAD-44D4-82B6-25E04BA95195}.Release|ARM64.ActiveCfg = Release|Any CPU
		{8A3398B7-FFAD-44D4-82B6-25E04BA95195}.Release|ARM64.Build.0 = Release|Any CPU
		{8A3398B7-FFAD-44D4-82B6-25E04BA95195}.Release|x64.ActiveCfg = Release|Any CPU
		{8A3398B7-FFAD-44D4-82B6-25E04BA95195}.Release|x64.Build.0 = Release|Any CPU
		{8A3398B7-FFAD-44D4-82B6-25E04BA95195}.Release|x86.ActiveCfg = Release|Any CPU
		{8A3398B7-FFAD-44D4-82B6-25E04BA95195}.Release|x86.Build.0 = Release|Any CPU
		{51C6A859-35B8-4A79-8D2F-BC8418EC1AEB}.Debug|Any CPU.ActiveCfg = Debug|Any CPU
		{51C6A859-35B8-4A79-8D2F-BC8418EC1AEB}.Debug|Any CPU.Build.0 = Debug|Any CPU
		{51C6A859-35B8-4A79-8D2F-BC8418EC1AEB}.Debug|ARM.ActiveCfg = Debug|Any CPU
		{51C6A859-35B8-4A79-8D2F-BC8418EC1AEB}.Debug|ARM.Build.0 = Debug|Any CPU
		{51C6A859-35B8-4A79-8D2F-BC8418EC1AEB}.Debug|ARM64.ActiveCfg = Debug|Any CPU
		{51C6A859-35B8-4A79-8D2F-BC8418EC1AEB}.Debug|ARM64.Build.0 = Debug|Any CPU
		{51C6A859-35B8-4A79-8D2F-BC8418EC1AEB}.Debug|x64.ActiveCfg = Debug|Any CPU
		{51C6A859-35B8-4A79-8D2F-BC8418EC1AEB}.Debug|x64.Build.0 = Debug|Any CPU
		{51C6A859-35B8-4A79-8D2F-BC8418EC1AEB}.Debug|x86.ActiveCfg = Debug|Any CPU
		{51C6A859-35B8-4A79-8D2F-BC8418EC1AEB}.Debug|x86.Build.0 = Debug|Any CPU
		{51C6A859-35B8-4A79-8D2F-BC8418EC1AEB}.Release|Any CPU.ActiveCfg = Release|Any CPU
		{51C6A859-35B8-4A79-8D2F-BC8418EC1AEB}.Release|Any CPU.Build.0 = Release|Any CPU
		{51C6A859-35B8-4A79-8D2F-BC8418EC1AEB}.Release|ARM.ActiveCfg = Release|Any CPU
		{51C6A859-35B8-4A79-8D2F-BC8418EC1AEB}.Release|ARM.Build.0 = Release|Any CPU
		{51C6A859-35B8-4A79-8D2F-BC8418EC1AEB}.Release|ARM64.ActiveCfg = Release|Any CPU
		{51C6A859-35B8-4A79-8D2F-BC8418EC1AEB}.Release|ARM64.Build.0 = Release|Any CPU
		{51C6A859-35B8-4A79-8D2F-BC8418EC1AEB}.Release|x64.ActiveCfg = Release|Any CPU
		{51C6A859-35B8-4A79-8D2F-BC8418EC1AEB}.Release|x64.Build.0 = Release|Any CPU
		{51C6A859-35B8-4A79-8D2F-BC8418EC1AEB}.Release|x86.ActiveCfg = Release|Any CPU
		{51C6A859-35B8-4A79-8D2F-BC8418EC1AEB}.Release|x86.Build.0 = Release|Any CPU
		{79B3ECC0-941B-48A7-8C9A-8AC233FEDFB2}.Debug|Any CPU.ActiveCfg = Debug|Any CPU
		{79B3ECC0-941B-48A7-8C9A-8AC233FEDFB2}.Debug|Any CPU.Build.0 = Debug|Any CPU
		{79B3ECC0-941B-48A7-8C9A-8AC233FEDFB2}.Debug|ARM.ActiveCfg = Debug|Any CPU
		{79B3ECC0-941B-48A7-8C9A-8AC233FEDFB2}.Debug|ARM.Build.0 = Debug|Any CPU
		{79B3ECC0-941B-48A7-8C9A-8AC233FEDFB2}.Debug|ARM64.ActiveCfg = Debug|Any CPU
		{79B3ECC0-941B-48A7-8C9A-8AC233FEDFB2}.Debug|ARM64.Build.0 = Debug|Any CPU
		{79B3ECC0-941B-48A7-8C9A-8AC233FEDFB2}.Debug|x64.ActiveCfg = Debug|Any CPU
		{79B3ECC0-941B-48A7-8C9A-8AC233FEDFB2}.Debug|x64.Build.0 = Debug|Any CPU
		{79B3ECC0-941B-48A7-8C9A-8AC233FEDFB2}.Debug|x86.ActiveCfg = Debug|Any CPU
		{79B3ECC0-941B-48A7-8C9A-8AC233FEDFB2}.Debug|x86.Build.0 = Debug|Any CPU
		{79B3ECC0-941B-48A7-8C9A-8AC233FEDFB2}.Release|Any CPU.ActiveCfg = Release|Any CPU
		{79B3ECC0-941B-48A7-8C9A-8AC233FEDFB2}.Release|Any CPU.Build.0 = Release|Any CPU
		{79B3ECC0-941B-48A7-8C9A-8AC233FEDFB2}.Release|ARM.ActiveCfg = Release|Any CPU
		{79B3ECC0-941B-48A7-8C9A-8AC233FEDFB2}.Release|ARM.Build.0 = Release|Any CPU
		{79B3ECC0-941B-48A7-8C9A-8AC233FEDFB2}.Release|ARM64.ActiveCfg = Release|Any CPU
		{79B3ECC0-941B-48A7-8C9A-8AC233FEDFB2}.Release|ARM64.Build.0 = Release|Any CPU
		{79B3ECC0-941B-48A7-8C9A-8AC233FEDFB2}.Release|x64.ActiveCfg = Release|Any CPU
		{79B3ECC0-941B-48A7-8C9A-8AC233FEDFB2}.Release|x64.Build.0 = Release|Any CPU
		{79B3ECC0-941B-48A7-8C9A-8AC233FEDFB2}.Release|x86.ActiveCfg = Release|Any CPU
		{79B3ECC0-941B-48A7-8C9A-8AC233FEDFB2}.Release|x86.Build.0 = Release|Any CPU
	EndGlobalSection
	GlobalSection(SolutionProperties) = preSolution
		HideSolutionNode = FALSE
	EndGlobalSection
	GlobalSection(ExtensibilityGlobals) = postSolution
		SolutionGuid = {C9BE73F1-5A3D-4DAB-B207-94CBB8C9263A}
	EndGlobalSection
EndGlobal
